
Microsoft Visual Studio Solution File, Format Version 12.00
# Visual Studio Version 17
VisualStudioVersion = 17.5.002.0
MinimumVisualStudioVersion = 10.0.40219.1
Project("{FAE04EC0-301F-11D3-BF4B-00C04F79EFBC}") = "FantasyApi", "FantasyApi\FantasyApi.csproj", "{8CCC4051-AD20-40A4-87E7-11B3799DF160}"
EndProject
Project("{FAE04EC0-301F-11D3-BF4B-00C04F79EFBC}") = "StatsApi", "StatsApi\StatsApi.csproj", "{55BC115C-8AAC-4B05-BE82-C0C8E98C4A78}"
EndProject
Global
	GlobalSection(SolutionConfigurationPlatforms) = preSolution
		Debug|Any CPU = Debug|Any CPU
		Release|Any CPU = Release|Any CPU
	EndGlobalSection
	GlobalSection(ProjectConfigurationPlatforms) = postSolution
		{72AEC1CF-3F80-457E-82EA-0C993A8E34A6}.Debug|Any CPU.ActiveCfg = Debug|Any CPU
		{72AEC1CF-3F80-457E-82EA-0C993A8E34A6}.Debug|Any CPU.Build.0 = Debug|Any CPU
		{72AEC1CF-3F80-457E-82EA-0C993A8E34A6}.Release|Any CPU.ActiveCfg = Release|Any CPU
		{72AEC1CF-3F80-457E-82EA-0C993A8E34A6}.Release|Any CPU.Build.0 = Release|Any CPU
		{8CCC4051-AD20-40A4-87E7-11B3799DF160}.Debug|Any CPU.ActiveCfg = Debug|Any CPU
		{8CCC4051-AD20-40A4-87E7-11B3799DF160}.Debug|Any CPU.Build.0 = Debug|Any CPU
		{8CCC4051-AD20-40A4-87E7-11B3799DF160}.Release|Any CPU.ActiveCfg = Release|Any CPU
		{8CCC4051-AD20-40A4-87E7-11B3799DF160}.Release|Any CPU.Build.0 = Release|Any CPU
		{55BC115C-8AAC-4B05-BE82-C0C8E98C4A78}.Debug|Any CPU.ActiveCfg = Debug|Any CPU
		{55BC115C-8AAC-4B05-BE82-C0C8E98C4A78}.Debug|Any CPU.Build.0 = Debug|Any CPU
		{55BC115C-8AAC-4B05-BE82-C0C8E98C4A78}.Release|Any CPU.ActiveCfg = Release|Any CPU
		{55BC115C-8AAC-4B05-BE82-C0C8E98C4A78}.Release|Any CPU.Build.0 = Release|Any CPU
	EndGlobalSection
	GlobalSection(SolutionProperties) = preSolution
		HideSolutionNode = FALSE
	EndGlobalSection
	GlobalSection(ExtensibilityGlobals) = postSolution
		SolutionGuid = {D2FC1B46-D7D9-4ECD-8C80-729D49B43DF4}
	EndGlobalSection
EndGlobal
